# This file is generated by running "yarn install" inside your project.
# Manual changes might be lost - proceed with caution!

__metadata:
  version: 6
  cacheKey: 8

"classnames@npm:^2.2.6":
  version: 2.3.2
  resolution: "classnames@npm:2.3.2"
  checksum: 2c62199789618d95545c872787137262e741f9db13328e216b093eea91c85ef2bfb152c1f9e63027204e2559a006a92eb74147d46c800a9f96297ae1d9f96f4e
  languageName: node
  linkType: hard

"js-tokens@npm:^3.0.0 || ^4.0.0":
  version: 4.0.0
  resolution: "js-tokens@npm:4.0.0"
  checksum: 8a95213a5a77deb6cbe94d86340e8d9ace2b93bc367790b260101d2f36a2eaf4e4e22d9fa9cf459b38af3a32fb4190e638024cf82ec95ef708680e405ea7cc78
  languageName: node
  linkType: hard

"loose-envify@npm:^1.4.0":
  version: 1.4.0
  resolution: "loose-envify@npm:1.4.0"
  dependencies:
    js-tokens: ^3.0.0 || ^4.0.0
  bin:
    loose-envify: cli.js
  checksum: 6517e24e0cad87ec9888f500c5b5947032cdfe6ef65e1c1936a0c48a524b81e65542c9c3edc91c97d5bddc806ee2a985dbc79be89215d613b1de5db6d1cfe6f4
  languageName: node
  linkType: hard

"object-assign@npm:^4.1.1":
  version: 4.1.1
  resolution: "object-assign@npm:4.1.1"
  checksum: fcc6e4ea8c7fe48abfbb552578b1c53e0d194086e2e6bbbf59e0a536381a292f39943c6e9628af05b5528aa5e3318bb30d6b2e53cadaf5b8fe9e12c4b69af23f
  languageName: node
  linkType: hard

"prop-types@npm:^15.6.2":
  version: 15.8.1
  resolution: "prop-types@npm:15.8.1"
  dependencies:
    loose-envify: ^1.4.0
    object-assign: ^4.1.1
    react-is: ^16.13.1
  checksum: c056d3f1c057cb7ff8344c645450e14f088a915d078dcda795041765047fa080d38e5d626560ccaac94a4e16e3aa15f3557c1a9a8d1174530955e992c675e459
  languageName: node
  linkType: hard

"react-elastic-carousel@npm:^0.11.5":
  version: 0.11.5
  resolution: "react-elastic-carousel@npm:0.11.5"
  dependencies:
    classnames: ^2.2.6
    react-only-when: ^1.0.2
    react-swipeable: ^5.5.1
    resize-observer-polyfill: 1.5.0
  peerDependencies:
    prop-types: ^15.5.4
    react: 15 - 17
    react-dom: 15 - 17
    styled-components: ^5.1.0
  checksum: 2a823cd8cbea006b4cfc92eac3f47df32eeb77109baad5e6edc1f5eb09d1b5d838c3110c3212ca84f434b96bc9c0caf0bb05c23ddbf8c751caf2ef52cdd5915a
  languageName: node
  linkType: hard

"react-is@npm:^16.13.1":
  version: 16.13.1
  resolution: "react-is@npm:16.13.1"
  checksum: f7a19ac3496de32ca9ae12aa030f00f14a3d45374f1ceca0af707c831b2a6098ef0d6bdae51bd437b0a306d7f01d4677fcc8de7c0d331eb47ad0f46130e53c5f
  languageName: node
  linkType: hard

"react-only-when@npm:^1.0.2":
  version: 1.0.2
  resolution: "react-only-when@npm:1.0.2"
  peerDependencies:
    prop-types: ^15.5.4
    react: ^15.0.0 || ^16.0.0
    react-dom: ^15.0.0 || ^16.0.0
  checksum: 2d0e3d58bc16ce076298d03eac683d988022779e33c74591253dfe9715bfbc1154e10568d170de31b3d2b8e2c26b3b0fd53061b46af0c7e4eea9e6374cad37e9
  languageName: node
  linkType: hard

"react-swipeable@npm:^5.5.1":
  version: 5.5.1
  resolution: "react-swipeable@npm:5.5.1"
  dependencies:
    prop-types: ^15.6.2
  peerDependencies:
    react: ^16.0.0-0
  checksum: 474e281c619a4ca61cede4a1c9acb712241c16c1d226145cc3af66ac77525b585b510739879dc5404ead280fcd606e5b3ed26ddd76d9eb853bf4b11578201d4b
  languageName: node
  linkType: hard

"resize-observer-polyfill@npm:1.5.0":
  version: 1.5.0
  resolution: "resize-observer-polyfill@npm:1.5.0"
  checksum: ecc6aab5d4f967f1b76cee0748c1967c8b6b5d8c4393764ca3b788dbd15c0f846326c4ebff9f4f39aba45fea8016cd42bb95e28e8fab1d14349e173790c58133
  languageName: node
  linkType: hard

"root-workspace-0b6124@workspace:.":
  version: 0.0.0-use.local
  resolution: "root-workspace-0b6124@workspace:."
  dependencies:
    react-elastic-carousel: ^0.11.5
  languageName: unknown
  linkType: soft
